version = 1
revision = 3
requires-python = ">=3.13"

[[package]]
name = "ccspk"
source = { editable = "." }
dependencies = [
    { name = "click" },
    { name = "loguru" },
    { name = "sudachidict-core" },
    { name = "sudachipy" },
]

[package.metadata]
requires-dist = [
    { name = "click", specifier = ">=8.3.1" },
    { name = "loguru", specifier = ">=0.7.3" },
    { name = "sudachidict-core", specifier = ">=20260723.1" },
    { name = "sudachipy", specifier = ">=0.7.0" },
]

[[package]]
name = "click"
version = "8.5.0"
source = { registry = "https://pypi.org/simple" }
sdist = { url = "https://files.pythonhosted.org/packages/c7/0e/7fa0ef50764b67090eca4114772a2abf8b6148198475e54c660b97caeee6/click-8.5.0.tar.gz", hash = "sha256:ba0d2089de75ea0310e2dde03160e6ca10009947fb95a182f9b54021bb272e34", size = 382235, upload-time = "2026-08-26T13:33:14.56Z" }
wheels = [
    { url = "https://files.pythonhosted.org/packages/58/50/6c0d534c5f134586a8e1ba4e330569e32f057e33372ae556463212fb4cd3/click-8.5.0-py3-none-any.whl", hash = "sha256:255bc9599cf7748b4b1a446ccc735421bd08a2ae529a8b88597d3de5664ee360", size = 125251, upload-time = "2026-08-26T13:33:12.928Z" },
]

[[package]]
name = "colorama"
version = "0.4.6"
source = { registry = "https://pypi.org/simple" }
sdist = { url = "https://files.pythonhosted.org/packages/d8/53/6f443c9a4a8358a93a6792e2acffb9d9d5cb0a5cfd8802644b7b1c9a02e4/colorama-0.4.6.tar.gz", hash = "sha256:08695f5cb7ed6e0531a20572697297273c47b8cae5a63ffc6d6ed5c201be6e44", size = 27697, upload-time = "2022-10-25T02:36:22.414Z" }
wheels = [
    { url = "https://files.pythonhosted.org/packages/d1/d6/3965ed04c63042e047cb6a3e6ed1a63a35087b6a609aa3a15ed8ac56c221/colorama-0.4.6-py2.py3-none-any.whl", hash = "sha256:4f1d9991f5acc0ca119f9d443620b77f9d6b33703e51011c16baf57afb285fc6", size = 25335, upload-time = "2022-10-25T02:36:20.889Z" },
]

[[package]]
name = "loguru"
version = "0.7.3"
source = { registry = "https://pypi.org/simple" }
dependencies = [
    { name = "colorama", marker = "sys_platform == 'win32'" },
    { name = "win32-setctime", marker = "sys_platform == 'win32'" },
]
sdist = { url = "https://files.pythonhosted.org/packages/3a/05/a1dae3dffd1116099471c643b8924f5aa6524411dc6c63fdae648c4f1aca/loguru-0.7.3.tar.gz", hash = "sha256:19480589e77d47b8d85b2c827ad95d49bf31b0dcde16593892eb51dd18706eb6", size = 63559, upload-time = "2024-12-06T11:20:56.608Z" }
wheels = [
    { url = "https://files.pythonhosted.org/packages/0c/29/0348de65b8cc732daa3e33e67806420b2ae89bdce2b04af740289c5c6c8c/loguru-0.7.3-py3-none-any.whl", hash = "sha256:31a33c10c8e1e10422bfd431aeb5d351c7cf7fa671e3c4df004162264b28220c", size = 61595, upload-time = "2024-12-06T11:20:54.538Z" },
]

[[package]]
name = "sudachidict-core"
version = "20260723.1"
source = { registry = "https://pypi.org/simple" }
dependencies = [
    { name = "sudachipy" },
]
sdist = { url = "https://files.pythonhosted.org/packages/9c/b5/ddf1c54817572a24ee4172a6290dc574146f9049b2330fac112c25e00f0d/sudachidict_core-20260723.1.tar.gz", hash = "sha256:06605ab827f0ea3f37aaa5dee7fa2e5324f0a2d5bc7662e78a0a597b7eac7955", size = 9144, upload-time = "2026-09-18T08:52:32.613Z" }
wheels = [
    { url = "https://files.pythonhosted.org/packages/85/af/ba8419f684865b8cca587e01cedb41ba83fbdc985d75ab9e6ff38fdedf1a/sudachidict_core-20260723.1-py3-none-any.whl", hash = "sha256:2b711055dca03423869e491eca0ddbe3e17c4d7418ed738fd7c75d4e0eb9e4b1", size = 76938227, upload-time = "2026-09-24T00:25:03.364Z" },
]

[[package]]
name = "sudachipy"
version = "0.7.0"
source = { registry = "https://pypi.org/simple" }
sdist = { url = "https://files.pythonhosted.org/packages/fc/1d/b34702f38a8bd34972836538d222209095d5aba7faff79d56bce3fb2640c/sudachipy-0.7.0.tar.gz", hash = "sha256:14a2505e7d086fe9da64c0048d8e2de13cdded3aac4f1e047929cef51dba338c", size = 304664, upload-time = "2026-09-24T01:34:56.238Z" }
wheels = [
    { url = "https://files.pythonhosted.org/packages/44/aa/47edbec02618803ac8ef8f1561b233760bbd266fb040ba9d4d577a5f1773/sudachipy-0.7.0-cp310-abi3-macosx_10_12_universal2.whl", hash = "sha256:6be34e856c99498e990904f7155e1a102f675cf5edfdaf7a396f26d71ce4b333", size = 3147103, upload-time = "2026-09-24T01:34:43.053Z" },
    { url = "https://files.pythonhosted.org/packages/d7/b3/2117420a05b2785ce561912baff01dd7872f5bca6b60dce49dc592a9f600/sudachipy-0.7.0-cp310-abi3-macosx_10_12_x86_64.whl", hash = "sha256:907eadc1db305f9bc6e502a9acf9ff1ac871cd8d4ac3a2e0aaba3ddc60e93b2a", size = 1622350, upload-time = "2026-09-24T01:34:44.636Z" },
    { url = "https://files.pythonhosted.org/packages/88/11/3b740eea1796d1ce6f7bdaa1f5470685dbcbfcacf751f3aa06d9da72856f/sudachipy-0.7.0-cp310-abi3-macosx_11_0_arm64.whl", hash = "sha256:0e60cefd3a7a9680206ae160bf86d266d0d60e434adac2384f8c7a6dfb0f3ba7", size = 1561984, upload-time = "2026-09-24T01:34:45.761Z" },
    { url = "https://files.pythonhosted.org/packages/9f/12/5455c3e4afea272c1ef0995c489dc9c2a6ead2a6d980822a53ae879a2042/sudachipy-0.7.0-cp310-abi3-manylinux_2_28_aarch64.whl", hash = "sha256:68be139f5d7f053eba16fd3f792e4ef0c6bfed81a1b63e68b4544c7159296034", size = 1720464, upload-time = "2026-09-24T01:34:46.92Z" },
    { url = "https://files.pythonhosted.org/packages/1d/2d/b2c2511b3627032e81ef1626d6bce4506efacc7b698ca0e70cf6b4345e86/sudachipy-0.7.0-cp310-abi3-manylinux_2_28_x86_64.whl", hash = "sha256:dfc90631aa2276d2165e1995bc94b56c9f5bc27b875f43fb7d67e4a3b7346d4f", size = 1758941, upload-time = "2026-09-24T01:34:47.986Z" },
    { url = "https://files.pythonhosted.org/packages/e9/a1/03e40b0eadbdd48ed47aef7aaf27d4703f5cc225750872af1a26de08ec2b/sudachipy-0.7.0-cp310-abi3-win_amd64.whl", hash = "sha256:8d0429db2d02d408daa7dccd062a6d8c2984a07f8e448b49a3ea694377617658", size = 1515929, upload-time = "2026-09-24T01:34:49.307Z" },
    { url = "https://files.pythonhosted.org/packages/f2/f7/580ece6a559e0cad8a9a3fff36bbd478e335e125c96c1910abe20f3b6bc2/sudachipy-0.7.0-cp314-cp314t-macosx_10_15_universal2.whl", hash = "sha256:1bf2254ee6357e0defa498630f188fefa8a543b82887077cfb1596bc3e8d4840", size = 3139240, upload-time = "2026-09-24T01:34:50.418Z" },
    { url = "https://files.pythonhosted.org/packages/62/20/4475da1e0393bef7d136f91214d560730006d2a4792e585003b17f2779e1/sudachipy-0.7.0-cp314-cp314t-macosx_10_15_x86_64.whl", hash = "sha256:efd56375584dec9523fe9a26daa69da02a70ae2f2c22d25248e65a4998cae8e1", size = 1626313, upload-time = "2026-09-24T01:34:51.665Z" },
    { url = "https://files.pythonhosted.org/packages/8b/75/952595fe7fa84a8f90cbe8f94a7cb5210642f166ec0ec1d7d808abef978e/sudachipy-0.7.0-cp314-cp314t-macosx_11_0_arm64.whl", hash = "sha256:9446eba17985b1d14926afc6312fb0367687ab1b5397fa65d7e2cdd1745451c9", size = 1549814, upload-time = "2026-09-24T01:34:52.708Z" },
    { url = "https://files.pythonhosted.org/packages/cf/39/5e138a2f949bf3af45951980382adc69d0d975448e604dc1801325f0008a/sudachipy-0.7.0-cp314-cp314t-manylinux_2_28_aarch64.whl", hash = "sha256:f1e24f71a71816dcbc6fb759a5819cca5d603a4d49b7ade63dd0fe49468ed22c", size = 1712756, upload-time = "2026-09-24T01:34:53.813Z" },
    { url = "https://files.pythonhosted.org/packages/2d/f4/2df0f7a5dce327d82c451be96151afa8f7e3324a3a8d71845eec5be26f3e/sudachipy-0.7.0-cp314-cp314t-manylinux_2_28_x86_64.whl", hash = "sha256:c8306eab503d891e394fb21156e417c2f9f54cc39f56dddb8cf2b40620d470fa", size = 1750689, upload-time = "2026-09-24T01:34:55.08Z" },
]

[[package]]
name = "win32-setctime"
version = "1.2.0"
source = { registry = "https://pypi.org/simple" }
sdist = { url = "https://files.pythonhosted.org/packages/b3/8f/705086c9d734d3b663af0e9bb3d4de6578d08f46b1b101c2442fd9aecaa2/win32_setctime-1.2.0.tar.gz", hash = "sha256:ae1fdf948f5640aae05c511ade119313fb6a30d7eabe25fef9764dca5873c4c0", size = 4867, upload-time = "2024-12-07T15:28:28.314Z" }
wheels = [
    { url = "https://files.pythonhosted.org/packages/e1/07/c6fe3ad3e685340704d314d765b7912993bcb8dc198f0e7a89382d37974b/win32_setctime-1.2.0-py3-none-any.whl", hash = "sha256:95d644c4e708aba81dc3704a116d8cbc974d70b3bdb8be1d150e36be6e9d1390", size = 4083, upload-time = "2024-12-07T15:28:26.465Z" },
]
